
Microsoft Visual Studio Solution File, Format Version 12.00
# Visual Studio Version 17
VisualStudioVersion = 17.0.32112.339
MinimumVisualStudioVersion = 10.0.40219.1
Project("{FAE04EC0-301F-11D3-BF4B-00C04F79EFBC}") = "EmployeeAssignmentApp", "EmployeeAssignmentApp\EmployeeAssignmentApp.csproj", "{537DA67D-3FFB-4D73-9B45-37A038EB5AEE}"
EndProject
Project("{FAE04EC0-301F-11D3-BF4B-00C04F79EFBC}") = "EmployeeAssignmentTests", "EmployeeAssignmentTests\EmployeeAssignmentTests.csproj", "{E10557E8-1CA7-478A-A326-97F38D5EE434}"
EndProject
Global
	GlobalSection(SolutionConfigurationPlatforms) = preSolution
		Debug|Any CPU = Debug|Any CPU
		Release|Any CPU = Release|Any CPU
	EndGlobalSection
	GlobalSection(ProjectConfigurationPlatforms) = postSolution
		{537DA67D-3FFB-4D73-9B45-37A038EB5AEE}.Debug|Any CPU.ActiveCfg = Debug|Any CPU
		{537DA67D-3FFB-4D73-9B45-37A038EB5AEE}.Debug|Any CPU.Build.0 = Debug|Any CPU
		{537DA67D-3FFB-4D73-9B45-37A038EB5AEE}.Release|Any CPU.ActiveCfg = Release|Any CPU
		{537DA67D-3FFB-4D73-9B45-37A038EB5AEE}.Release|Any CPU.Build.0 = Release|Any CPU
		{E10557E8-1CA7-478A-A326-97F38D5EE434}.Debug|Any CPU.ActiveCfg = Debug|Any CPU
		{E10557E8-1CA7-478A-A326-97F38D5EE434}.Debug|Any CPU.Build.0 = Debug|Any CPU
		{E10557E8-1CA7-478A-A326-97F38D5EE434}.Release|Any CPU.ActiveCfg = Release|Any CPU
		{E10557E8-1CA7-478A-A326-97F38D5EE434}.Release|Any CPU.Build.0 = Release|Any CPU
	EndGlobalSection
	GlobalSection(SolutionProperties) = preSolution
		HideSolutionNode = FALSE
	EndGlobalSection
	GlobalSection(ExtensibilityGlobals) = postSolution
		SolutionGuid = {A49A7956-6E83-48D7-BE18-5C9E78BCB0D3}
	EndGlobalSection
EndGlobal
